
Microsoft Visual Studio Solution File, Format Version 12.00
# Visual Studio Version 16
VisualStudioVersion = 16.0.31729.503
MinimumVisualStudioVersion = 10.0.40219.1
Project("{FAE04EC0-301F-11D3-BF4B-00C04F79EFBC}") = "Tasks26", "Tasks26\Tasks26.csproj", "{20738E8E-4280-405C-8D5C-4D8E91BDB5AF}"
EndProject
Global
	GlobalSection(SolutionConfigurationPlatforms) = preSolution
		Debug|Any CPU = Debug|Any CPU
		Release|Any CPU = Release|Any CPU
	EndGlobalSection
	GlobalSection(ProjectConfigurationPlatforms) = postSolution
		{20738E8E-4280-405C-8D5C-4D8E91BDB5AF}.Debug|Any CPU.ActiveCfg = Debug|Any CPU
		{20738E8E-4280-405C-8D5C-4D8E91BDB5AF}.Debug|Any CPU.Build.0 = Debug|Any CPU
		{20738E8E-4280-405C-8D5C-4D8E91BDB5AF}.Release|Any CPU.ActiveCfg = Release|Any CPU
		{20738E8E-4280-405C-8D5C-4D8E91BDB5AF}.Release|Any CPU.Build.0 = Release|Any CPU
	EndGlobalSection
	GlobalSection(SolutionProperties) = preSolution
		HideSolutionNode = FALSE
	EndGlobalSection
	GlobalSection(ExtensibilityGlobals) = postSolution
		SolutionGuid = {4D80D34D-3F2F-4F76-A979-9028A5F7C570}
	EndGlobalSection
EndGlobal
